
Microsoft Visual Studio Solution File, Format Version 12.00
Project("{FAE04EC0-301F-11D3-BF4B-00C04F79EFBC}") = "journaler", "journaler\journaler.csproj", "{77691C31-5A71-4820-850C-87C76E24485C}"
EndProject
Global
	GlobalSection(SolutionConfigurationPlatforms) = preSolution
		Debug|Any CPU = Debug|Any CPU
		Release|Any CPU = Release|Any CPU
	EndGlobalSection
	GlobalSection(ProjectConfigurationPlatforms) = postSolution
		{77691C31-5A71-4820-850C-87C76E24485C}.Debug|Any CPU.ActiveCfg = Debug|Any CPU
		{77691C31-5A71-4820-850C-87C76E24485C}.Debug|Any CPU.Build.0 = Debug|Any CPU
		{77691C31-5A71-4820-850C-87C76E24485C}.Release|Any CPU.ActiveCfg = Release|Any CPU
		{77691C31-5A71-4820-850C-87C76E24485C}.Release|Any CPU.Build.0 = Release|Any CPU
	EndGlobalSection
EndGlobal
